
Microsoft Visual Studio Solution File, Format Version 12.00
# Visual Studio Version 17
VisualStudioVersion = 17.4.33122.133
MinimumVisualStudioVersion = 10.0.40219.1
Project("{9A19103F-16F7-4668-BE54-9A1E7A4F7556}") = "EcommerceBooks.API", "EcommerceBooks.API\EcommerceBooks.API.csproj", "{8CB95A77-7106-4D4F-8253-CCEE0C401648}"
EndProject
Project("{FAE04EC0-301F-11D3-BF4B-00C04F79EFBC}") = "BooksDTOs", "BooksDTOs\BooksDTOs.csproj", "{C4C5B571-5D50-434E-B06C-A41F1C056621}"
EndProject
Global
	GlobalSection(SolutionConfigurationPlatforms) = preSolution
		Debug|Any CPU = Debug|Any CPU
		Release|Any CPU = Release|Any CPU
	EndGlobalSection
	GlobalSection(ProjectConfigurationPlatforms) = postSolution
		{8CB95A77-7106-4D4F-8253-CCEE0C401648}.Debug|Any CPU.ActiveCfg = Debug|Any CPU
		{8CB95A77-7106-4D4F-8253-CCEE0C401648}.Debug|Any CPU.Build.0 = Debug|Any CPU
		{8CB95A77-7106-4D4F-8253-CCEE0C401648}.Release|Any CPU.ActiveCfg = Release|Any CPU
		{8CB95A77-7106-4D4F-8253-CCEE0C401648}.Release|Any CPU.Build.0 = Release|Any CPU
		{C4C5B571-5D50-434E-B06C-A41F1C056621}.Debug|Any CPU.ActiveCfg = Debug|Any CPU
		{C4C5B571-5D50-434E-B06C-A41F1C056621}.Debug|Any CPU.Build.0 = Debug|Any CPU
		{C4C5B571-5D50-434E-B06C-A41F1C056621}.Release|Any CPU.ActiveCfg = Release|Any CPU
		{C4C5B571-5D50-434E-B06C-A41F1C056621}.Release|Any CPU.Build.0 = Release|Any CPU
	EndGlobalSection
	GlobalSection(SolutionProperties) = preSolution
		HideSolutionNode = FALSE
	EndGlobalSection
	GlobalSection(ExtensibilityGlobals) = postSolution
		SolutionGuid = {F00047ED-78F7-4ED1-9BF9-1B9EB86CC746}
	EndGlobalSection
EndGlobal
